
Microsoft Visual Studio Solution File, Format Version 12.00
# Visual Studio Version 17
VisualStudioVersion = 17.14.36310.24
MinimumVisualStudioVersion = 10.0.40219.1
Project("{FAE04EC0-301F-11D3-BF4B-00C04F79EFBC}") = "ExamAppApi", "ExamAppApi\ExamAppApi.csproj", "{18E25DDD-0D4B-4C76-B51F-DC00CD34E933}"
EndProject
Project("{FAE04EC0-301F-11D3-BF4B-00C04F79EFBC}") = "ExamAppApi.Core", "ExamAppApi.Core\ExamAppApi.Core.csproj", "{A2877891-2D4C-4CC0-A2F7-1F12ECAB7F7B}"
EndProject
Project("{FAE04EC0-301F-11D3-BF4B-00C04F79EFBC}") = "ExamAppApi.Infrastructure", "ExamAppApi.Infrastructure\ExamAppApi.Infrastructure.csproj", "{C0E232DC-7772-410B-AD28-9739F13851FF}"
EndProject
Project("{FAE04EC0-301F-11D3-BF4B-00C04F79EFBC}") = "ExamAppApi.Application", "ExamAppApi.Application\ExamAppApi.Application.csproj", "{AA9536BE-6773-468A-96AB-F007F2434B09}"
EndProject
Global
	GlobalSection(SolutionConfigurationPlatforms) = preSolution
		Debug|Any CPU = Debug|Any CPU
		Release|Any CPU = Release|Any CPU
	EndGlobalSection
	GlobalSection(ProjectConfigurationPlatforms) = postSolution
		{18E25DDD-0D4B-4C76-B51F-DC00CD34E933}.Debug|Any CPU.ActiveCfg = Debug|Any CPU
		{18E25DDD-0D4B-4C76-B51F-DC00CD34E933}.Debug|Any CPU.Build.0 = Debug|Any CPU
		{18E25DDD-0D4B-4C76-B51F-DC00CD34E933}.Release|Any CPU.ActiveCfg = Release|Any CPU
		{18E25DDD-0D4B-4C76-B51F-DC00CD34E933}.Release|Any CPU.Build.0 = Release|Any CPU
		{A2877891-2D4C-4CC0-A2F7-1F12ECAB7F7B}.Debug|Any CPU.ActiveCfg = Debug|Any CPU
		{A2877891-2D4C-4CC0-A2F7-1F12ECAB7F7B}.Debug|Any CPU.Build.0 = Debug|Any CPU
		{A2877891-2D4C-4CC0-A2F7-1F12ECAB7F7B}.Release|Any CPU.ActiveCfg = Release|Any CPU
		{A2877891-2D4C-4CC0-A2F7-1F12ECAB7F7B}.Release|Any CPU.Build.0 = Release|Any CPU
		{C0E232DC-7772-410B-AD28-9739F13851FF}.Debug|Any CPU.ActiveCfg = Debug|Any CPU
		{C0E232DC-7772-410B-AD28-9739F13851FF}.Debug|Any CPU.Build.0 = Debug|Any CPU
		{C0E232DC-7772-410B-AD28-9739F13851FF}.Release|Any CPU.ActiveCfg = Release|Any CPU
		{C0E232DC-7772-410B-AD28-9739F13851FF}.Release|Any CPU.Build.0 = Release|Any CPU
		{AA9536BE-6773-468A-96AB-F007F2434B09}.Debug|Any CPU.ActiveCfg = Debug|Any CPU
		{AA9536BE-6773-468A-96AB-F007F2434B09}.Debug|Any CPU.Build.0 = Debug|Any CPU
		{AA9536BE-6773-468A-96AB-F007F2434B09}.Release|Any CPU.ActiveCfg = Release|Any CPU
		{AA9536BE-6773-468A-96AB-F007F2434B09}.Release|Any CPU.Build.0 = Release|Any CPU
	EndGlobalSection
	GlobalSection(SolutionProperties) = preSolution
		HideSolutionNode = FALSE
	EndGlobalSection
	GlobalSection(ExtensibilityGlobals) = postSolution
		SolutionGuid = {9E4DC344-04D3-4F7D-87AC-20BB8422A831}
	EndGlobalSection
EndGlobal
